<?xml version="1.0" encoding="UTF-8" standalone="yes" ?>
<CodeBlocks_project_file>
	<FileVersion major="1" minor="6" />
	<Project>
		<Option title="Trabajo Final" />
		<Option pch_mode="2" />
		<Option compiler="gcc" />
		<Build>
			<Target title="Debug">
				<Option output="bin/Debug/Trabajo Final" prefix_auto="1" extension_auto="1" />
				<Option object_output="obj/Debug/" />
				<Option type="1" />
				<Option compiler="gcc" />
				<Compiler>
					<Add option="-g" />
				</Compiler>
			</Target>
			<Target title="Release">
				<Option output="bin/Release/Trabajo Final" prefix_auto="1" extension_auto="1" />
				<Option object_output="obj/Release/" />
				<Option type="1" />
				<Option compiler="gcc" />
				<Compiler>
					<Add option="-O2" />
				</Compiler>
				<Linker>
					<Add option="-s" />
				</Linker>
			</Target>
		</Build>
		<Compiler>
			<Add option="-Wall" />
		</Compiler>
		<Unit filename="ArbolClientes.c">
			<Option compilerVar="CC" />
		</Unit>
		<Unit filename="ArbolClientes.h" />
		<Unit filename="ArregloCuentas.c">
			<Option compilerVar="CC" />
		</Unit>
		<Unit filename="ArregloCuentas.h" />
		<Unit filename="CeldaCuentas.c">
			<Option compilerVar="CC" />
		</Unit>
		<Unit filename="CeldaCuentas.h" />
		<Unit filename="Cliente.c">
			<Option compilerVar="CC" />
		</Unit>
		<Unit filename="Cliente.h" />
		<Unit filename="Cuenta.c">
			<Option compilerVar="CC" />
		</Unit>
		<Unit filename="Cuenta.h" />
		<Unit filename="ListaMovimientos.c">
			<Option compilerVar="CC" />
		</Unit>
		<Unit filename="ListaMovimientos.h" />
		<Unit filename="Movimientos.c">
			<Option compilerVar="CC" />
		</Unit>
		<Unit filename="Movimientos.h" />
		<Unit filename="Utileria.c">
			<Option compilerVar="CC" />
		</Unit>
		<Unit filename="Utileria.h" />
		<Unit filename="main.c">
			<Option compilerVar="CC" />
		</Unit>
		<Extensions>
			<code_completion />
			<envvars />
			<debugger />
		</Extensions>
	</Project>
</CodeBlocks_project_file>
